
Microsoft Visual Studio Solution File, Format Version 12.00
# Visual Studio 15
VisualStudioVersion = 15.0.26730.16
MinimumVisualStudioVersion = 10.0.40219.1
Project("{FAE04EC0-301F-11D3-BF4B-00C04F79EFBC}") = "TMS.API", "TMS.API\TMS.API.csproj", "{495DC5CE-3618-4A96-9E3B-9D681A87E5A4}"
EndProject
Global
	GlobalSection(SolutionConfigurationPlatforms) = preSolution
		Debug|Any CPU = Debug|Any CPU
		Release|Any CPU = Release|Any CPU
	EndGlobalSection
	GlobalSection(ProjectConfigurationPlatforms) = postSolution
		{495DC5CE-3618-4A96-9E3B-9D681A87E5A4}.Debug|Any CPU.ActiveCfg = Debug|Any CPU
		{495DC5CE-3618-4A96-9E3B-9D681A87E5A4}.Debug|Any CPU.Build.0 = Debug|Any CPU
		{495DC5CE-3618-4A96-9E3B-9D681A87E5A4}.Release|Any CPU.ActiveCfg = Release|Any CPU
		{495DC5CE-3618-4A96-9E3B-9D681A87E5A4}.Release|Any CPU.Build.0 = Release|Any CPU
	EndGlobalSection
	GlobalSection(SolutionProperties) = preSolution
		HideSolutionNode = FALSE
	EndGlobalSection
	GlobalSection(ExtensibilityGlobals) = postSolution
		SolutionGuid = {D73ADD01-7DBA-42BD-A194-EAD94F015B4E}
	EndGlobalSection
EndGlobal
